# clock_walk.qsf — settings for the THROWAWAY clock-walk diagnostic project
# (points.md #30, PLAN Step 2). Create a NEW Quartus project for this (do not
# add to any Unicell-Q*.qpf) -- it shares nothing with the fabric builds.
#
# After creating the project: paste/merge these assignments into the project's
# .qsf (or `source` this file from the Quartus Tcl console), generate the 8
# fpll_ch0..fpll_ch7 IP variations + the issp_clockwalk IP per
# fpga/verilog/clock_walk_top.v's header instructions, add clock_walk_top.v +
# the generated .ip/.qip files to the project, set TOP_LEVEL_ENTITY, compile,
# flash, then either open the ISSP Editor GUI on `probe` directly, or run
# fpga/clock_walk.tcl.

set_global_assignment -name FAMILY "Arria 10"
set_global_assignment -name DEVICE 10AX066H2F34E2SG
set_global_assignment -name TOP_LEVEL_ENTITY clock_walk_top
set_global_assignment -name PROJECT_OUTPUT_DIRECTORY output_files
set_global_assignment -name MIN_CORE_JUNCTION_TEMP 0
set_global_assignment -name MAX_CORE_JUNCTION_TEMP 100

# ── Board reference clock (proven pin, JTAG/ISSP-side divider only) ─────────
set_location_assignment PIN_E23 -to CLK_100M

# ── The 8 candidate PCIe refclk pin pairs (docs/PCIE_ARRIA10_NOTES.md, ──────
# ── CONFIRMED on 10AX066H2F34E2SG via Quartus's own device database) ────────
# HCSL per PCG-01017 (DC-coupled REFCLK requires HCSL; this is the standard
# Quartus offers for dedicated GXB refclk pins). If ALL EIGHT read dead on the
# clock-walk test, try AC-coupled alternatives here FIRST (points.md #30's
# documented false-negative mode) before concluding none of them are live.
set_location_assignment PIN_AD28 -to refclk_1c_cht
set_instance_assignment -name IO_STANDARD "HCSL" -to refclk_1c_cht

set_location_assignment PIN_AF28 -to refclk_1c_chb
set_instance_assignment -name IO_STANDARD "HCSL" -to refclk_1c_chb

set_location_assignment PIN_Y28 -to refclk_1d_cht
set_instance_assignment -name IO_STANDARD "HCSL" -to refclk_1d_cht

set_location_assignment PIN_AB28 -to refclk_1d_chb
set_instance_assignment -name IO_STANDARD "HCSL" -to refclk_1d_chb

set_location_assignment PIN_T28 -to refclk_1e_cht
set_instance_assignment -name IO_STANDARD "HCSL" -to refclk_1e_cht

set_location_assignment PIN_V28 -to refclk_1e_chb
set_instance_assignment -name IO_STANDARD "HCSL" -to refclk_1e_chb

set_location_assignment PIN_M28 -to refclk_1f_cht
set_instance_assignment -name IO_STANDARD "HCSL" -to refclk_1f_cht

set_location_assignment PIN_P28 -to refclk_1f_chb
set_instance_assignment -name IO_STANDARD "HCSL" -to refclk_1f_chb

# ── Source files ─────────────────────────────────────────────────────────────
set_global_assignment -name VERILOG_FILE clock_walk_top.v
set_global_assignment -name SDC_FILE "clock_walk.sdc"
# The 8 fpll_ch*.ip and issp_clockwalk.ip files (+ their .qip wrappers) are
# added automatically by Quartus when generated via IP Catalog inside this
# project -- no manual VERILOG_FILE/QIP_FILE lines needed if generated
# in-project, but double-check the Files pane shows all 9 after generation.

# LED0_N/LED1_N left UNCONSTRAINED deliberately (Quartus auto-places them),
# matching every other top file in this repo -- none of them pin-lock the
# LEDs either. Fine for a throwaway diagnostic; add real pin locations only if
# this board's LEDs are broken out and you want to watch them physically.
