set_global_assignment -name FAMILY "Arria 10"
set_global_assignment -name DEVICE 10AX066H2F34E2SG
set_global_assignment -name TOP_LEVEL_ENTITY top_ram_chain50_v1
set_global_assignment -name PROJECT_OUTPUT_DIRECTORY output_files
set_global_assignment -name MIN_CORE_JUNCTION_TEMP 0
set_global_assignment -name MAX_CORE_JUNCTION_TEMP 100

set_location_assignment PIN_E23 -to CLK_100M

# ── points.md #248 (task 1): first real Quartus ALM/timing measurement
# for ram_cell_v1.v -- a 50-cell chain, matching the compute cell's own
# 50-cell base figure (Unicell-Q-stripped-zone50, #148) scale for a
# direct per-cell-type comparison. ──
set_global_assignment -name VERILOG_FILE ../verilog/ram_cell_v1.v
set_global_assignment -name VERILOG_FILE ../verilog/top_ram_chain50_v1.v

set_global_assignment -name SDC_FILE stripped_ram_chain50.sdc
